<?xml version="1.0" encoding="utf-8"?>
<Project ToolsVersion="4.0" xmlns="http://schemas.microsoft.com/developer/msbuild/2003">
  <ItemGroup>
    <Filter Include="Source Files">
      <UniqueIdentifier>{4FC737F1-C7A5-4376-A066-2A32D752A2FF}</UniqueIdentifier>
      <Extensions>cpp;c;cc;cxx;def;odl;idl;hpj;bat;asm;asmx</Extensions>
    </Filter>
    <Filter Include="Header Files">
      <UniqueIdentifier>{93995380-89BD-4b04-88EB-625FBE52EBFB}</UniqueIdentifier>
      <Extensions>h;hpp;hxx;hm;inl;inc;xsd</Extensions>
    </Filter>
    <Filter Include="Resource Files">
      <UniqueIdentifier>{67DA6AB6-F800-4c08-8B7A-83BB121AAD01}</UniqueIdentifier>
      <Extensions>rc;ico;cur;bmp;dlg;rc2;rct;bin;rgs;gif;jpg;jpeg;jpe;resx;tiff;tif;png;wav;mfcribbon-ms</Extensions>
    </Filter>
    <Filter Include="Header Files\sai">
      <UniqueIdentifier>{87d580a9-dc22-4443-911f-c714b6ae76ad}</UniqueIdentifier>
    </Filter>
  </ItemGroup>
  <ItemGroup>
    <ClInclude Include="inc\sai\sai.h">
      <Filter>Header Files\sai</Filter>
    </ClInclude>
    <ClInclude Include="inc\sai\saifdb.h">
      <Filter>Header Files\sai</Filter>
    </ClInclude>
    <ClInclude Include="inc\sai\saineighbor.h">
      <Filter>Header Files\sai</Filter>
    </ClInclude>
    <ClInclude Include="inc\sai\sainexthop.h">
      <Filter>Header Files\sai</Filter>
    </ClInclude>
    <ClInclude Include="inc\sai\saiport.h">
      <Filter>Header Files\sai</Filter>
    </ClInclude>
    <ClInclude Include="inc\sai\sairoute.h">
      <Filter>Header Files\sai</Filter>
    </ClInclude>
    <ClInclude Include="inc\sai\sairouter.h">
      <Filter>Header Files\sai</Filter>
    </ClInclude>
    <ClInclude Include="inc\sai\sairouterintf.h">
      <Filter>Header Files\sai</Filter>
    </ClInclude>
    <ClInclude Include="inc\sai\saistatus.h">
      <Filter>Header Files\sai</Filter>
    </ClInclude>
    <ClInclude Include="inc\sai\saiswitch.h">
      <Filter>Header Files\sai</Filter>
    </ClInclude>
    <ClInclude Include="inc\sai\saitypes.h">
      <Filter>Header Files\sai</Filter>
    </ClInclude>
    <ClInclude Include="inc\sai\saivlan.h">
      <Filter>Header Files\sai</Filter>
    </ClInclude>
    <ClInclude Include="inc\sai\saiacl.h">
      <Filter>Header Files\sai</Filter>
    </ClInclude>
    <ClInclude Include="inc\sai\sainexthopgroup.h">
      <Filter>Header Files\sai</Filter>
    </ClInclude>
    <ClInclude Include="inc\sai\saihostintf.h">
      <Filter>Header Files\sai</Filter>
    </ClInclude>
    <ClInclude Include="inc\sai\saibuffer.h">
      <Filter>Header Files\sai</Filter>
    </ClInclude>
    <ClInclude Include="inc\sai\sailag.h">
      <Filter>Header Files\sai</Filter>
    </ClInclude>
    <ClInclude Include="inc\sai\saimirror.h">
      <Filter>Header Files\sai</Filter>
    </ClInclude>
    <ClInclude Include="inc\sai\saisamplepacket.h">
      <Filter>Header Files\sai</Filter>
    </ClInclude>
    <ClInclude Include="inc\sai\saistp.h">
      <Filter>Header Files\sai</Filter>
    </ClInclude>
    <ClInclude Include="inc\mlnx_sai.h">
      <Filter>Header Files</Filter>
    </ClInclude>
    <ClInclude Include="inc\sai_windows.h">
      <Filter>Header Files</Filter>
    </ClInclude>
    <ClInclude Include="inc\sai\saipolicer.h">
      <Filter>Header Files\sai</Filter>
    </ClInclude>
    <ClInclude Include="inc\sai\saiqosmaps.h">
      <Filter>Header Files\sai</Filter>
    </ClInclude>
    <ClInclude Include="inc\sai\saiqueue.h">
      <Filter>Header Files\sai</Filter>
    </ClInclude>
    <ClInclude Include="inc\sai\saischeduler.h">
      <Filter>Header Files\sai</Filter>
    </ClInclude>
    <ClInclude Include="inc\sai\saischedulergroup.h">
      <Filter>Header Files\sai</Filter>
    </ClInclude>
    <ClInclude Include="inc\sai\saiwred.h">
      <Filter>Header Files\sai</Filter>
    </ClInclude>
    <ClInclude Include="inc\sai\saihash.h">
      <Filter>Header Files\sai</Filter>
    </ClInclude>
    <ClInclude Include="inc\sai\saiudf.h">
      <Filter>Header Files\sai</Filter>
    </ClInclude>
    <ClInclude Include="inc\sai\saiobject.h">
      <Filter>Header Files\sai</Filter>
    </ClInclude>
    <ClInclude Include="inc\sai\saitunnel.h">
      <Filter>Header Files\sai</Filter>
    </ClInclude>
  </ItemGroup>
  <ItemGroup>
    <ClCompile Include="src\mlnx_sai_route.c">
      <Filter>Source Files</Filter>
    </ClCompile>
    <ClCompile Include="src\mlnx_sai_interfacequery.c">
      <Filter>Source Files</Filter>
    </ClCompile>
    <ClCompile Include="src\mlnx_sai_router.c">
      <Filter>Source Files</Filter>
    </ClCompile>
    <ClCompile Include="src\mlnx_sai_switch.c">
      <Filter>Source Files</Filter>
    </ClCompile>
    <ClCompile Include="src\mlnx_sai_utils.c">
      <Filter>Source Files</Filter>
    </ClCompile>
    <ClCompile Include="src\mlnx_sai_port.c">
      <Filter>Source Files</Filter>
    </ClCompile>
    <ClCompile Include="src\mlnx_sai_fdb.c">
      <Filter>Source Files</Filter>
    </ClCompile>
    <ClCompile Include="src\mlnx_sai_neighbor.c">
      <Filter>Source Files</Filter>
    </ClCompile>
    <ClCompile Include="src\mlnx_sai_nexthop.c">
      <Filter>Source Files</Filter>
    </ClCompile>
    <ClCompile Include="src\mlnx_sai_rif.c">
      <Filter>Source Files</Filter>
    </ClCompile>
    <ClCompile Include="src\mlnx_sai_vlan.c">
      <Filter>Source Files</Filter>
    </ClCompile>
    <ClCompile Include="src\mlnx_sai_host_interface.c">
      <Filter>Source Files</Filter>
    </ClCompile>
    <ClCompile Include="src\mlnx_sai_nexthopgroup.c">
      <Filter>Source Files</Filter>
    </ClCompile>
    <ClCompile Include="src\mlnx_sai_acl.c">
      <Filter>Source Files</Filter>
    </ClCompile>
    <ClCompile Include="src\mlnx_sai_qosmaps.c">
      <Filter>Source Files</Filter>
    </ClCompile>
    <ClCompile Include="src\mlnx_sai_wred.c">
      <Filter>Source Files</Filter>
    </ClCompile>
    <ClCompile Include="src\mlnx_sai_queue.c">
      <Filter>Source Files</Filter>
    </ClCompile>
    <ClCompile Include="src\mlnx_sai_scheduler.c">
      <Filter>Source Files</Filter>
    </ClCompile>
    <ClCompile Include="src\mlnx_sai_policer.c">
      <Filter>Source Files</Filter>
    </ClCompile>
    <ClCompile Include="src\mlnx_sai_hash.c">
      <Filter>Source Files</Filter>
    </ClCompile>
    <ClCompile Include="src\mlnx_sai_lag.c">
      <Filter>Source Files</Filter>
    </ClCompile>
    <ClCompile Include="src\mlnx_sai_scheduler_group.c">
      <Filter>Source Files</Filter>
    </ClCompile>
    <ClCompile Include="src\mlnx_sai_mirror.c">
      <Filter>Source Files</Filter>
    </ClCompile>
    <ClCompile Include="src\mlnx_sai_buffer.c">
      <Filter>Source Files</Filter>
    </ClCompile>
    <ClCompile Include="src\mlnx_sai_samplepacket.c">
      <Filter>Source Files</Filter>
    </ClCompile>
    <ClCompile Include="src\mlnx_sai_tunnel.c">
      <Filter>Source Files</Filter>
    </ClCompile>
    <ClCompile Include="src\mlnx_sai_object.c">
      <Filter>Source Files</Filter>
    </ClCompile>
  </ItemGroup>
</Project>